// !$*UTF8*$!
{
	archiveVersion = 1;
	classes = {
	};
	objectVersion = 46;
	objects = {

/* Begin PBXBuildFile section */
		C4CEC3C315AFAFB600D62C28 /* UIKit.framework in Frameworks */ = {isa = PBXBuildFile; fileRef = C4CEC3C215AFAFB600D62C28 /* UIKit.framework */; };
		C4CEC3C515AFAFB600D62C28 /* Foundation.framework in Frameworks */ = {isa = PBXBuildFile; fileRef = C4CEC3C415AFAFB600D62C28 /* Foundation.framework */; };
		C4CEC3C715AFAFB600D62C28 /* CoreGraphics.framework in Frameworks */ = {isa = PBXBuildFile; fileRef = C4CEC3C615AFAFB600D62C28 /* CoreGraphics.framework */; };
		C4CEC3CD15AFAFB600D62C28 /* InfoPlist.strings in Resources */ = {isa = PBXBuildFile; fileRef = C4CEC3CB15AFAFB600D62C28 /* InfoPlist.strings */; };
		C4CEC3CF15AFAFB600D62C28 /* main.m in Sources */ = {isa = PBXBuildFile; fileRef = C4CEC3CE15AFAFB600D62C28 /* main.m */; };
		C4CEC3D315AFAFB600D62C28 /* AppDelegate.m in Sources */ = {isa = PBXBuildFile; fileRef = C4CEC3D215AFAFB600D62C28 /* AppDelegate.m */; };
		C4CEC3D615AFAFB600D62C28 /* MainStoryboard.storyboard in Resources */ = {isa = PBXBuildFile; fileRef = C4CEC3D415AFAFB600D62C28 /* MainStoryboard.storyboard */; };
		C4CEC3D915AFAFB600D62C28 /* ViewController.m in Sources */ = {isa = PBXBuildFile; fileRef = C4CEC3D815AFAFB600D62C28 /* ViewController.m */; };
/* End PBXBuildFile section */

/* Begin PBXFileReference section */
		C4CEC3BE15AFAFB600D62C28 /* TwitterSearch.app */ = {isa = PBXFileReference; explicitFileType = wrapper.application; includeInIndex = 0; path = TwitterSearch.app; sourceTree = BUILT_PRODUCTS_DIR; };
		C4CEC3C215AFAFB600D62C28 /* UIKit.framework */ = {isa = PBXFileReference; lastKnownFileType = wrapper.framework; name = UIKit.framework; path = System/Library/Frameworks/UIKit.framework; sourceTree = SDKROOT; };
		C4CEC3C415AFAFB600D62C28 /* Foundation.framework */ = {isa = PBXFileReference; lastKnownFileType = wrapper.framework; name = Foundation.framework; path = System/Library/Frameworks/Foundation.framework; sourceTree = SDKROOT; };
		C4CEC3C615AFAFB600D62C28 /* CoreGraphics.framework */ = {isa = PBXFileReference; lastKnownFileType = wrapper.framework; name = CoreGraphics.framework; path = System/Library/Frameworks/CoreGraphics.framework; sourceTree = SDKROOT; };
		C4CEC3CA15AFAFB600D62C28 /* TwitterSearch-Info.plist */ = {isa = PBXFileReference; lastKnownFileType = text.plist.xml; path = "TwitterSearch-Info.plist"; sourceTree = "<group>"; };
		C4CEC3CC15AFAFB600D62C28 /* en */ = {isa = PBXFileReference; lastKnownFileType = text.plist.strings; name = en; path = en.lproj/InfoPlist.strings; sourceTree = "<group>"; };
		C4CEC3CE15AFAFB600D62C28 /* main.m */ = {isa = PBXFileReference; lastKnownFileType = sourcecode.c.objc; path = main.m; sourceTree = "<group>"; };
		C4CEC3D015AFAFB600D62C28 /* TwitterSearch-Prefix.pch */ = {isa = PBXFileReference; lastKnownFileType = sourcecode.c.h; path = "TwitterSearch-Prefix.pch"; sourceTree = "<group>"; };
		C4CEC3D115AFAFB600D62C28 /* AppDelegate.h */ = {isa = PBXFileReference; lastKnownFileType = sourcecode.c.h; path = AppDelegate.h; sourceTree = "<group>"; };
		C4CEC3D215AFAFB600D62C28 /* AppDelegate.m */ = {isa = PBXFileReference; lastKnownFileType = sourcecode.c.objc; path = AppDelegate.m; sourceTree = "<group>"; };
		C4CEC3D515AFAFB600D62C28 /* en */ = {isa = PBXFileReference; lastKnownFileType = file.storyboard; name = en; path = en.lproj/MainStoryboard.storyboard; sourceTree = "<group>"; };
		C4CEC3D715AFAFB600D62C28 /* ViewController.h */ = {isa = PBXFileReference; lastKnownFileType = sourcecode.c.h; path = ViewController.h; sourceTree = "<group>"; };
		C4CEC3D815AFAFB600D62C28 /* ViewController.m */ = {isa = PBXFileReference; lastKnownFileType = sourcecode.c.objc; path = ViewController.m; sourceTree = "<group>"; };
/* End PBXFileReference section */

/* Begin PBXFrameworksBuildPhase section */
		C4CEC3BB15AFAFB600D62C28 /* Frameworks */ = {
			isa = PBXFrameworksBuildPhase;
			buildActionMask = 2147483647;
			files = (
				C4CEC3C315AFAFB600D62C28 /* UIKit.framework in Frameworks */,
				C4CEC3C515AFAFB600D62C28 /* Foundation.framework in Frameworks */,
				C4CEC3C715AFAFB600D62C28 /* CoreGraphics.framework in Frameworks */,
			);
			runOnlyForDeploymentPostprocessing = 0;
		};
/* End PBXFrameworksBuildPhase section */

/* Begin PBXGroup section */
		C4CEC3B315AFAFB600D62C28 = {
			isa = PBXGroup;
			children = (
				C4CEC3C815AFAFB600D62C28 /* TwitterSearch */,
				C4CEC3C115AFAFB600D62C28 /* Frameworks */,
				C4CEC3BF15AFAFB600D62C28 /* Products */,
			);
			sourceTree = "<group>";
		};
		C4CEC3BF15AFAFB600D62C28 /* Products */ = {
			isa = PBXGroup;
			children = (
				C4CEC3BE15AFAFB600D62C28 /* TwitterSearch.app */,
			);
			name = Products;
			sourceTree = "<group>";
		};
		C4CEC3C115AFAFB600D62C28 /* Frameworks */ = {
			isa = PBXGroup;
			children = (
				C4CEC3C215AFAFB600D62C28 /* UIKit.framework */,
				C4CEC3C415AFAFB600D62C28 /* Foundation.framework */,
				C4CEC3C615AFAFB600D62C28 /* CoreGraphics.framework */,
			);
			name = Frameworks;
			sourceTree = "<group>";
		};
		C4CEC3C815AFAFB600D62C28 /* TwitterSearch */ = {
			isa = PBXGroup;
			children = (
				C4CEC3D115AFAFB600D62C28 /* AppDelegate.h */,
				C4CEC3D215AFAFB600D62C28 /* AppDelegate.m */,
				C4CEC3D415AFAFB600D62C28 /* MainStoryboard.storyboard */,
				C4CEC3D715AFAFB600D62C28 /* ViewController.h */,
				C4CEC3D815AFAFB600D62C28 /* ViewController.m */,
				C4CEC3C915AFAFB600D62C28 /* Supporting Files */,
			);
			path = TwitterSearch;
			sourceTree = "<group>";
		};
		C4CEC3C915AFAFB600D62C28 /* Supporting Files */ = {
			isa = PBXGroup;
			children = (
				C4CEC3CA15AFAFB600D62C28 /* TwitterSearch-Info.plist */,
				C4CEC3CB15AFAFB600D62C28 /* InfoPlist.strings */,
				C4CEC3CE15AFAFB600D62C28 /* main.m */,
				C4CEC3D015AFAFB600D62C28 /* TwitterSearch-Prefix.pch */,
			);
			name = "Supporting Files";
			sourceTree = "<group>";
		};
/* End PBXGroup section */

/* Begin PBXNativeTarget section */
		C4CEC3BD15AFAFB600D62C28 /* TwitterSearch */ = {
			isa = PBXNativeTarget;
			buildConfigurationList = C4CEC3DC15AFAFB600D62C28 /* Build configuration list for PBXNativeTarget "TwitterSearch" */;
			buildPhases = (
				C4CEC3BA15AFAFB600D62C28 /* Sources */,
				C4CEC3BB15AFAFB600D62C28 /* Frameworks */,
				C4CEC3BC15AFAFB600D62C28 /* Resources */,
			);
			buildRules = (
			);
			dependencies = (
			);
			name = TwitterSearch;
			productName = TwitterSearch;
			productReference = C4CEC3BE15AFAFB600D62C28 /* TwitterSearch.app */;
			productType = "com.apple.product-type.application";
		};
/* End PBXNativeTarget section */

/* Begin PBXProject section */
		C4CEC3B515AFAFB600D62C28 /* Project object */ = {
			isa = PBXProject;
			attributes = {
				LastUpgradeCheck = 0420;
				ORGANIZATIONNAME = GrupoW;
			};
			buildConfigurationList = C4CEC3B815AFAFB600D62C28 /* Build configuration list for PBXProject "TwitterSearch" */;
			compatibilityVersion = "Xcode 3.2";
			developmentRegion = English;
			hasScannedForEncodings = 0;
			knownRegions = (
				en,
			);
			mainGroup = C4CEC3B315AFAFB600D62C28;
			productRefGroup = C4CEC3BF15AFAFB600D62C28 /* Products */;
			projectDirPath = "";
			projectRoot = "";
			targets = (
				C4CEC3BD15AFAFB600D62C28 /* TwitterSearch */,
			);
		};
/* End PBXProject section */

/* Begin PBXResourcesBuildPhase section */
		C4CEC3BC15AFAFB600D62C28 /* Resources */ = {
			isa = PBXResourcesBuildPhase;
			buildActionMask = 2147483647;
			files = (
				C4CEC3CD15AFAFB600D62C28 /* InfoPlist.strings in Resources */,
				C4CEC3D615AFAFB600D62C28 /* MainStoryboard.storyboard in Resources */,
			);
			runOnlyForDeploymentPostprocessing = 0;
		};
/* End PBXResourcesBuildPhase section */

/* Begin PBXSourcesBuildPhase section */
		C4CEC3BA15AFAFB600D62C28 /* Sources */ = {
			isa = PBXSourcesBuildPhase;
			buildActionMask = 2147483647;
			files = (
				C4CEC3CF15AFAFB600D62C28 /* main.m in Sources */,
				C4CEC3D315AFAFB600D62C28 /* AppDelegate.m in Sources */,
				C4CEC3D915AFAFB600D62C28 /* ViewController.m in Sources */,
			);
			runOnlyForDeploymentPostprocessing = 0;
		};
/* End PBXSourcesBuildPhase section */

/* Begin PBXVariantGroup section */
		C4CEC3CB15AFAFB600D62C28 /* InfoPlist.strings */ = {
			isa = PBXVariantGroup;
			children = (
				C4CEC3CC15AFAFB600D62C28 /* en */,
			);
			name = InfoPlist.strings;
			sourceTree = "<group>";
		};
		C4CEC3D415AFAFB600D62C28 /* MainStoryboard.storyboard */ = {
			isa = PBXVariantGroup;
			children = (
				C4CEC3D515AFAFB600D62C28 /* en */,
			);
			name = MainStoryboard.storyboard;
			sourceTree = "<group>";
		};
/* End PBXVariantGroup section */

/* Begin XCBuildConfiguration section */
		C4CEC3DA15AFAFB600D62C28 /* Debug */ = {
			isa = XCBuildConfiguration;
			buildSettings = {
				ALWAYS_SEARCH_USER_PATHS = NO;
				ARCHS = "$(ARCHS_STANDARD_32_BIT)";
				CLANG_ENABLE_OBJC_ARC = YES;
				"CODE_SIGN_IDENTITY[sdk=iphoneos*]" = "iPhone Developer";
				COPY_PHASE_STRIP = NO;
				GCC_C_LANGUAGE_STANDARD = gnu99;
				GCC_DYNAMIC_NO_PIC = NO;
				GCC_OPTIMIZATION_LEVEL = 0;
				GCC_PREPROCESSOR_DEFINITIONS = (
					"DEBUG=1",
					"$(inherited)",
				);
				GCC_SYMBOLS_PRIVATE_EXTERN = NO;
				GCC_VERSION = com.apple.compilers.llvm.clang.1_0;
				GCC_WARN_ABOUT_MISSING_PROTOTYPES = YES;
				GCC_WARN_ABOUT_RETURN_TYPE = YES;
				GCC_WARN_UNUSED_VARIABLE = YES;
				IPHONEOS_DEPLOYMENT_TARGET = 5.1;
				SDKROOT = iphoneos;
			};
			name = Debug;
		};
		C4CEC3DB15AFAFB600D62C28 /* Release */ = {
			isa = XCBuildConfiguration;
			buildSettings = {
				ALWAYS_SEARCH_USER_PATHS = NO;
				ARCHS = "$(ARCHS_STANDARD_32_BIT)";
				CLANG_ENABLE_OBJC_ARC = YES;
				"CODE_SIGN_IDENTITY[sdk=iphoneos*]" = "iPhone Developer";
				COPY_PHASE_STRIP = YES;
				GCC_C_LANGUAGE_STANDARD = gnu99;
				GCC_VERSION = com.apple.compilers.llvm.clang.1_0;
				GCC_WARN_ABOUT_MISSING_PROTOTYPES = YES;
				GCC_WARN_ABOUT_RETURN_TYPE = YES;
				GCC_WARN_UNUSED_VARIABLE = YES;
				IPHONEOS_DEPLOYMENT_TARGET = 5.1;
				OTHER_CFLAGS = "-DNS_BLOCK_ASSERTIONS=1";
				SDKROOT = iphoneos;
				VALIDATE_PRODUCT = YES;
			};
			name = Release;
		};
		C4CEC3DD15AFAFB600D62C28 /* Debug */ = {
			isa = XCBuildConfiguration;
			buildSettings = {
				GCC_PRECOMPILE_PREFIX_HEADER = YES;
				GCC_PREFIX_HEADER = "TwitterSearch/TwitterSearch-Prefix.pch";
				INFOPLIST_FILE = "TwitterSearch/TwitterSearch-Info.plist";
				PRODUCT_NAME = "$(TARGET_NAME)";
				WRAPPER_EXTENSION = app;
			};
			name = Debug;
		};
		C4CEC3DE15AFAFB600D62C28 /* Release */ = {
			isa = XCBuildConfiguration;
			buildSettings = {
				GCC_PRECOMPILE_PREFIX_HEADER = YES;
				GCC_PREFIX_HEADER = "TwitterSearch/TwitterSearch-Prefix.pch";
				INFOPLIST_FILE = "TwitterSearch/TwitterSearch-Info.plist";
				PRODUCT_NAME = "$(TARGET_NAME)";
				WRAPPER_EXTENSION = app;
			};
			name = Release;
		};
/* End XCBuildConfiguration section */

/* Begin XCConfigurationList section */
		C4CEC3B815AFAFB600D62C28 /* Build configuration list for PBXProject "TwitterSearch" */ = {
			isa = XCConfigurationList;
			buildConfigurations = (
				C4CEC3DA15AFAFB600D62C28 /* Debug */,
				C4CEC3DB15AFAFB600D62C28 /* Release */,
			);
			defaultConfigurationIsVisible = 0;
			defaultConfigurationName = Release;
		};
		C4CEC3DC15AFAFB600D62C28 /* Build configuration list for PBXNativeTarget "TwitterSearch" */ = {
			isa = XCConfigurationList;
			buildConfigurations = (
				C4CEC3DD15AFAFB600D62C28 /* Debug */,
				C4CEC3DE15AFAFB600D62C28 /* Release */,
			);
			defaultConfigurationIsVisible = 0;
		};
/* End XCConfigurationList section */
	};
	rootObject = C4CEC3B515AFAFB600D62C28 /* Project object */;
}
